
Microsoft Visual Studio Solution File, Format Version 11.00
# Visual C++ Express 2010
Project("{8BC9CEB8-8B4A-11D0-8D11-00A0C91BC942}") = "OSCKinect", "OSCKinect\OSCKinect.vcxproj", "{60663DB7-ABDC-4BDF-9E62-104B8ADD97CB}"
EndProject
Global
	GlobalSection(SolutionConfigurationPlatforms) = preSolution
		Debug|Win32 = Debug|Win32
		Release|Win32 = Release|Win32
	EndGlobalSection
	GlobalSection(ProjectConfigurationPlatforms) = postSolution
		{60663DB7-ABDC-4BDF-9E62-104B8ADD97CB}.Debug|Win32.ActiveCfg = Debug|Win32
		{60663DB7-ABDC-4BDF-9E62-104B8ADD97CB}.Debug|Win32.Build.0 = Debug|Win32
		{60663DB7-ABDC-4BDF-9E62-104B8ADD97CB}.Release|Win32.ActiveCfg = Release|Win32
		{60663DB7-ABDC-4BDF-9E62-104B8ADD97CB}.Release|Win32.Build.0 = Release|Win32
	EndGlobalSection
	GlobalSection(SolutionProperties) = preSolution
		HideSolutionNode = FALSE
	EndGlobalSection
EndGlobal
